// !$*UTF8*$!
{
	archiveVersion = 1;
	classes = {
	};
	objectVersion = 46;
	objects = {

/* Begin PBXBuildFile section */
		DCAFCA361AD6F21F0095E89E /* x86_opt_test.cpp in Sources */ = {isa = PBXBuildFile; fileRef = DCAFCA291AD6EC290095E89E /* x86_opt_test.cpp */; };
		DCAFCA3F1AD6F23B0095E89E /* x86_emulator.cpp in Sources */ = {isa = PBXBuildFile; fileRef = DC89D8551ACDB2A00001C92D /* x86_emulator.cpp */; };
/* End PBXBuildFile section */

/* Begin PBXCopyFilesBuildPhase section */
		DCAFCA2D1AD6F2100095E89E /* CopyFiles */ = {
			isa = PBXCopyFilesBuildPhase;
			buildActionMask = 2147483647;
			dstPath = /usr/share/man/man1/;
			dstSubfolderSpec = 0;
			files = (
			);
			runOnlyForDeploymentPostprocessing = 1;
		};
/* End PBXCopyFilesBuildPhase section */

/* Begin PBXFileReference section */
		DC89D8551ACDB2A00001C92D /* x86_emulator.cpp */ = {isa = PBXFileReference; fileEncoding = 4; lastKnownFileType = sourcecode.cpp.cpp; path = x86_emulator.cpp; sourceTree = "<group>"; };
		DC89D8561ACDB2A00001C92D /* x86_emulator.h */ = {isa = PBXFileReference; fileEncoding = 4; lastKnownFileType = sourcecode.c.h; path = x86_emulator.h; sourceTree = "<group>"; };
		DCAFCA291AD6EC290095E89E /* x86_opt_test.cpp */ = {isa = PBXFileReference; fileEncoding = 4; lastKnownFileType = sourcecode.cpp.cpp; path = x86_opt_test.cpp; sourceTree = "<group>"; };
		DCAFCA2F1AD6F2100095E89E /* emu_x86 */ = {isa = PBXFileReference; explicitFileType = "compiled.mach-o.executable"; includeInIndex = 0; path = emu_x86; sourceTree = BUILT_PRODUCTS_DIR; };
		DCAFCA3B1AD6F2380095E89E /* libemu_x86_lib.a */ = {isa = PBXFileReference; explicitFileType = archive.ar; includeInIndex = 0; path = libemu_x86_lib.a; sourceTree = BUILT_PRODUCTS_DIR; };
/* End PBXFileReference section */

/* Begin PBXFrameworksBuildPhase section */
		DCAFCA2C1AD6F2100095E89E /* Frameworks */ = {
			isa = PBXFrameworksBuildPhase;
			buildActionMask = 2147483647;
			files = (
			);
			runOnlyForDeploymentPostprocessing = 0;
		};
		DCAFCA381AD6F2380095E89E /* Frameworks */ = {
			isa = PBXFrameworksBuildPhase;
			buildActionMask = 2147483647;
			files = (
			);
			runOnlyForDeploymentPostprocessing = 0;
		};
/* End PBXFrameworksBuildPhase section */

/* Begin PBXGroup section */
		DC89D83D1ACDAC920001C92D = {
			isa = PBXGroup;
			children = (
				DC89D8481ACDAC920001C92D /* x86Emulator */,
				DC89D8471ACDAC920001C92D /* Products */,
			);
			sourceTree = "<group>";
		};
		DC89D8471ACDAC920001C92D /* Products */ = {
			isa = PBXGroup;
			children = (
				DCAFCA2F1AD6F2100095E89E /* emu_x86 */,
				DCAFCA3B1AD6F2380095E89E /* libemu_x86_lib.a */,
			);
			name = Products;
			sourceTree = "<group>";
		};
		DC89D8481ACDAC920001C92D /* x86Emulator */ = {
			isa = PBXGroup;
			children = (
				DC89D8561ACDB2A00001C92D /* x86_emulator.h */,
				DC89D8551ACDB2A00001C92D /* x86_emulator.cpp */,
				DCAFCA291AD6EC290095E89E /* x86_opt_test.cpp */,
			);
			path = x86Emulator;
			sourceTree = "<group>";
		};
/* End PBXGroup section */

/* Begin PBXHeadersBuildPhase section */
		DCAFCA391AD6F2380095E89E /* Headers */ = {
			isa = PBXHeadersBuildPhase;
			buildActionMask = 2147483647;
			files = (
			);
			runOnlyForDeploymentPostprocessing = 0;
		};
/* End PBXHeadersBuildPhase section */

/* Begin PBXNativeTarget section */
		DCAFCA2E1AD6F2100095E89E /* emu_x86 */ = {
			isa = PBXNativeTarget;
			buildConfigurationList = DCAFCA331AD6F2110095E89E /* Build configuration list for PBXNativeTarget "emu_x86" */;
			buildPhases = (
				DCAFCA2B1AD6F2100095E89E /* Sources */,
				DCAFCA2C1AD6F2100095E89E /* Frameworks */,
				DCAFCA2D1AD6F2100095E89E /* CopyFiles */,
			);
			buildRules = (
			);
			dependencies = (
			);
			name = emu_x86;
			productName = emu_x86;
			productReference = DCAFCA2F1AD6F2100095E89E /* emu_x86 */;
			productType = "com.apple.product-type.tool";
		};
		DCAFCA3A1AD6F2380095E89E /* emu_x86_lib */ = {
			isa = PBXNativeTarget;
			buildConfigurationList = DCAFCA3C1AD6F2380095E89E /* Build configuration list for PBXNativeTarget "emu_x86_lib" */;
			buildPhases = (
				DCAFCA371AD6F2380095E89E /* Sources */,
				DCAFCA381AD6F2380095E89E /* Frameworks */,
				DCAFCA391AD6F2380095E89E /* Headers */,
			);
			buildRules = (
			);
			dependencies = (
			);
			name = emu_x86_lib;
			productName = emu_x86_lib;
			productReference = DCAFCA3B1AD6F2380095E89E /* libemu_x86_lib.a */;
			productType = "com.apple.product-type.library.static";
		};
/* End PBXNativeTarget section */

/* Begin PBXProject section */
		DC89D83E1ACDAC920001C92D /* Project object */ = {
			isa = PBXProject;
			attributes = {
				LastUpgradeCheck = 0630;
				ORGANIZATIONNAME = "Félix Cloutier";
				TargetAttributes = {
					DCAFCA2E1AD6F2100095E89E = {
						CreatedOnToolsVersion = 6.3;
					};
					DCAFCA3A1AD6F2380095E89E = {
						CreatedOnToolsVersion = 6.3;
					};
				};
			};
			buildConfigurationList = DC89D8411ACDAC920001C92D /* Build configuration list for PBXProject "x86Emulator" */;
			compatibilityVersion = "Xcode 3.2";
			developmentRegion = English;
			hasScannedForEncodings = 0;
			knownRegions = (
				en,
			);
			mainGroup = DC89D83D1ACDAC920001C92D;
			productRefGroup = DC89D8471ACDAC920001C92D /* Products */;
			projectDirPath = "";
			projectRoot = "";
			targets = (
				DCAFCA2E1AD6F2100095E89E /* emu_x86 */,
				DCAFCA3A1AD6F2380095E89E /* emu_x86_lib */,
			);
		};
/* End PBXProject section */

/* Begin PBXSourcesBuildPhase section */
		DCAFCA2B1AD6F2100095E89E /* Sources */ = {
			isa = PBXSourcesBuildPhase;
			buildActionMask = 2147483647;
			files = (
				DCAFCA361AD6F21F0095E89E /* x86_opt_test.cpp in Sources */,
			);
			runOnlyForDeploymentPostprocessing = 0;
		};
		DCAFCA371AD6F2380095E89E /* Sources */ = {
			isa = PBXSourcesBuildPhase;
			buildActionMask = 2147483647;
			files = (
				DCAFCA3F1AD6F23B0095E89E /* x86_emulator.cpp in Sources */,
			);
			runOnlyForDeploymentPostprocessing = 0;
		};
/* End PBXSourcesBuildPhase section */

/* Begin XCBuildConfiguration section */
		DC89D84B1ACDAC920001C92D /* Debug */ = {
			isa = XCBuildConfiguration;
			buildSettings = {
				ALWAYS_SEARCH_USER_PATHS = NO;
				CLANG_CXX_LANGUAGE_STANDARD = "gnu++0x";
				CLANG_CXX_LIBRARY = "libc++";
				CLANG_ENABLE_MODULES = YES;
				CLANG_ENABLE_OBJC_ARC = YES;
				CLANG_WARN_BOOL_CONVERSION = YES;
				CLANG_WARN_CONSTANT_CONVERSION = YES;
				CLANG_WARN_DIRECT_OBJC_ISA_USAGE = YES_ERROR;
				CLANG_WARN_EMPTY_BODY = YES;
				CLANG_WARN_ENUM_CONVERSION = YES;
				CLANG_WARN_INT_CONVERSION = YES;
				CLANG_WARN_OBJC_ROOT_CLASS = YES_ERROR;
				CLANG_WARN_UNREACHABLE_CODE = YES;
				CLANG_WARN__DUPLICATE_METHOD_MATCH = YES;
				COPY_PHASE_STRIP = NO;
				DEBUG_INFORMATION_FORMAT = dwarf;
				ENABLE_STRICT_OBJC_MSGSEND = YES;
				GCC_C_LANGUAGE_STANDARD = gnu99;
				GCC_DYNAMIC_NO_PIC = NO;
				GCC_NO_COMMON_BLOCKS = YES;
				GCC_OPTIMIZATION_LEVEL = 0;
				GCC_PREPROCESSOR_DEFINITIONS = (
					"DEBUG=1",
					"$(inherited)",
				);
				GCC_SYMBOLS_PRIVATE_EXTERN = NO;
				GCC_WARN_64_TO_32_BIT_CONVERSION = YES;
				GCC_WARN_ABOUT_RETURN_TYPE = YES_ERROR;
				GCC_WARN_UNDECLARED_SELECTOR = YES;
				GCC_WARN_UNINITIALIZED_AUTOS = YES_AGGRESSIVE;
				GCC_WARN_UNUSED_FUNCTION = YES;
				GCC_WARN_UNUSED_VARIABLE = YES;
				MACOSX_DEPLOYMENT_TARGET = 10.10;
				MTL_ENABLE_DEBUG_INFO = YES;
				ONLY_ACTIVE_ARCH = YES;
				SDKROOT = macosx;
				SWIFT_OPTIMIZATION_LEVEL = "-Onone";
			};
			name = Debug;
		};
		DC89D84C1ACDAC920001C92D /* Release */ = {
			isa = XCBuildConfiguration;
			buildSettings = {
				ALWAYS_SEARCH_USER_PATHS = NO;
				CLANG_CXX_LANGUAGE_STANDARD = "gnu++0x";
				CLANG_CXX_LIBRARY = "libc++";
				CLANG_ENABLE_MODULES = YES;
				CLANG_ENABLE_OBJC_ARC = YES;
				CLANG_WARN_BOOL_CONVERSION = YES;
				CLANG_WARN_CONSTANT_CONVERSION = YES;
				CLANG_WARN_DIRECT_OBJC_ISA_USAGE = YES_ERROR;
				CLANG_WARN_EMPTY_BODY = YES;
				CLANG_WARN_ENUM_CONVERSION = YES;
				CLANG_WARN_INT_CONVERSION = YES;
				CLANG_WARN_OBJC_ROOT_CLASS = YES_ERROR;
				CLANG_WARN_UNREACHABLE_CODE = YES;
				CLANG_WARN__DUPLICATE_METHOD_MATCH = YES;
				COPY_PHASE_STRIP = NO;
				DEBUG_INFORMATION_FORMAT = "dwarf-with-dsym";
				ENABLE_NS_ASSERTIONS = NO;
				ENABLE_STRICT_OBJC_MSGSEND = YES;
				GCC_C_LANGUAGE_STANDARD = gnu99;
				GCC_NO_COMMON_BLOCKS = YES;
				GCC_WARN_64_TO_32_BIT_CONVERSION = YES;
				GCC_WARN_ABOUT_RETURN_TYPE = YES_ERROR;
				GCC_WARN_UNDECLARED_SELECTOR = YES;
				GCC_WARN_UNINITIALIZED_AUTOS = YES_AGGRESSIVE;
				GCC_WARN_UNUSED_FUNCTION = YES;
				GCC_WARN_UNUSED_VARIABLE = YES;
				MACOSX_DEPLOYMENT_TARGET = 10.10;
				MTL_ENABLE_DEBUG_INFO = NO;
				SDKROOT = macosx;
			};
			name = Release;
		};
		DCAFCA341AD6F2110095E89E /* Debug */ = {
			isa = XCBuildConfiguration;
			buildSettings = {
				CLANG_CXX_LANGUAGE_STANDARD = "c++14";
				GCC_PREPROCESSOR_DEFINITIONS = (
					"DEBUG=1",
					"$(inherited)",
				);
				PRODUCT_NAME = "$(TARGET_NAME)";
				USER_HEADER_SEARCH_PATHS = "\"/Users/felix/Projets/Reverse Kit/capstone/include\"";
			};
			name = Debug;
		};
		DCAFCA351AD6F2110095E89E /* Release */ = {
			isa = XCBuildConfiguration;
			buildSettings = {
				CLANG_CXX_LANGUAGE_STANDARD = "c++14";
				PRODUCT_NAME = "$(TARGET_NAME)";
				USER_HEADER_SEARCH_PATHS = "\"/Users/felix/Projets/Reverse Kit/capstone/include\"";
			};
			name = Release;
		};
		DCAFCA3D1AD6F2380095E89E /* Debug */ = {
			isa = XCBuildConfiguration;
			buildSettings = {
				EXECUTABLE_PREFIX = lib;
				GCC_PREPROCESSOR_DEFINITIONS = (
					"DEBUG=1",
					"$(inherited)",
				);
				PRODUCT_NAME = "$(TARGET_NAME)";
				USER_HEADER_SEARCH_PATHS = "\"/Users/felix/Projets/Reverse Kit/capstone/include\"";
			};
			name = Debug;
		};
		DCAFCA3E1AD6F2380095E89E /* Release */ = {
			isa = XCBuildConfiguration;
			buildSettings = {
				EXECUTABLE_PREFIX = lib;
				PRODUCT_NAME = "$(TARGET_NAME)";
				USER_HEADER_SEARCH_PATHS = "\"/Users/felix/Projets/Reverse Kit/capstone/include\"";
			};
			name = Release;
		};
/* End XCBuildConfiguration section */

/* Begin XCConfigurationList section */
		DC89D8411ACDAC920001C92D /* Build configuration list for PBXProject "x86Emulator" */ = {
			isa = XCConfigurationList;
			buildConfigurations = (
				DC89D84B1ACDAC920001C92D /* Debug */,
				DC89D84C1ACDAC920001C92D /* Release */,
			);
			defaultConfigurationIsVisible = 0;
			defaultConfigurationName = Release;
		};
		DCAFCA331AD6F2110095E89E /* Build configuration list for PBXNativeTarget "emu_x86" */ = {
			isa = XCConfigurationList;
			buildConfigurations = (
				DCAFCA341AD6F2110095E89E /* Debug */,
				DCAFCA351AD6F2110095E89E /* Release */,
			);
			defaultConfigurationIsVisible = 0;
		};
		DCAFCA3C1AD6F2380095E89E /* Build configuration list for PBXNativeTarget "emu_x86_lib" */ = {
			isa = XCConfigurationList;
			buildConfigurations = (
				DCAFCA3D1AD6F2380095E89E /* Debug */,
				DCAFCA3E1AD6F2380095E89E /* Release */,
			);
			defaultConfigurationIsVisible = 0;
		};
/* End XCConfigurationList section */
	};
	rootObject = DC89D83E1ACDAC920001C92D /* Project object */;
}
