// !$*UTF8*$!
{
	archiveVersion = 1;
	classes = {
	};
	objectVersion = 46;
	objects = {

/* Begin PBXBuildFile section */
		DC906B0B1AD99F7C0000C846 /* type_dumper.cpp in Sources */ = {isa = PBXBuildFile; fileRef = DC906B091AD99F7C0000C846 /* type_dumper.cpp */; };
		DC906B111ADA055A0000C846 /* global_dumper.cpp in Sources */ = {isa = PBXBuildFile; fileRef = DC906B0F1ADA055A0000C846 /* global_dumper.cpp */; };
		DC906B151ADA08D10000C846 /* dump_constant.cpp in Sources */ = {isa = PBXBuildFile; fileRef = DC906B131ADA08D10000C846 /* dump_constant.cpp */; };
		DCAFCA261AD6CE000095E89E /* interpile.cpp in Sources */ = {isa = PBXBuildFile; fileRef = DCAFCA251AD6CE000095E89E /* interpile.cpp */; };
		DCAFCA441AD805F40095E89E /* libLLVMCore.a in Frameworks */ = {isa = PBXBuildFile; fileRef = DCAFCA421AD805F40095E89E /* libLLVMCore.a */; };
		DCAFCA451AD805F40095E89E /* libLLVMSupport.a in Frameworks */ = {isa = PBXBuildFile; fileRef = DCAFCA431AD805F40095E89E /* libLLVMSupport.a */; };
		DCAFCA481AD806800095E89E /* libLLVMIRReader.a in Frameworks */ = {isa = PBXBuildFile; fileRef = DCAFCA471AD806800095E89E /* libLLVMIRReader.a */; };
		DCAFCA4A1AD806970095E89E /* libLLVMAsmParser.a in Frameworks */ = {isa = PBXBuildFile; fileRef = DCAFCA491AD806970095E89E /* libLLVMAsmParser.a */; };
		DCAFCA4C1AD806A20095E89E /* libLLVMBitReader.a in Frameworks */ = {isa = PBXBuildFile; fileRef = DCAFCA4B1AD806A20095E89E /* libLLVMBitReader.a */; };
		DCAFCA4E1AD8073C0095E89E /* libncurses.dylib in Frameworks */ = {isa = PBXBuildFile; fileRef = DCAFCA4D1AD8073C0095E89E /* libncurses.dylib */; };
		DCBC98E11AD5C5B3001F702C /* main.cpp in Sources */ = {isa = PBXBuildFile; fileRef = DCBC98E01AD5C5B3001F702C /* main.cpp */; };
/* End PBXBuildFile section */

/* Begin PBXCopyFilesBuildPhase section */
		DCBC98DB1AD5C5B3001F702C /* CopyFiles */ = {
			isa = PBXCopyFilesBuildPhase;
			buildActionMask = 2147483647;
			dstPath = /usr/share/man/man1/;
			dstSubfolderSpec = 0;
			files = (
			);
			runOnlyForDeploymentPostprocessing = 1;
		};
/* End PBXCopyFilesBuildPhase section */

/* Begin PBXFileReference section */
		DC906B091AD99F7C0000C846 /* type_dumper.cpp */ = {isa = PBXFileReference; fileEncoding = 4; lastKnownFileType = sourcecode.cpp.cpp; path = type_dumper.cpp; sourceTree = "<group>"; };
		DC906B0A1AD99F7C0000C846 /* type_dumper.h */ = {isa = PBXFileReference; fileEncoding = 4; lastKnownFileType = sourcecode.c.h; path = type_dumper.h; sourceTree = "<group>"; };
		DC906B0F1ADA055A0000C846 /* global_dumper.cpp */ = {isa = PBXFileReference; fileEncoding = 4; lastKnownFileType = sourcecode.cpp.cpp; path = global_dumper.cpp; sourceTree = "<group>"; };
		DC906B101ADA055A0000C846 /* global_dumper.h */ = {isa = PBXFileReference; fileEncoding = 4; lastKnownFileType = sourcecode.c.h; path = global_dumper.h; sourceTree = "<group>"; };
		DC906B131ADA08D10000C846 /* dump_constant.cpp */ = {isa = PBXFileReference; fileEncoding = 4; lastKnownFileType = sourcecode.cpp.cpp; path = dump_constant.cpp; sourceTree = "<group>"; };
		DC906B141ADA08D10000C846 /* dump_constant.h */ = {isa = PBXFileReference; fileEncoding = 4; lastKnownFileType = sourcecode.c.h; path = dump_constant.h; sourceTree = "<group>"; };
		DC906B161ADA19D60000C846 /* output_model.h */ = {isa = PBXFileReference; lastKnownFileType = sourcecode.c.h; path = output_model.h; sourceTree = "<group>"; };
		DC906B171ADA2B8B0000C846 /* brainfuck.cpp */ = {isa = PBXFileReference; fileEncoding = 4; lastKnownFileType = sourcecode.cpp.cpp; path = brainfuck.cpp; sourceTree = SOURCE_ROOT; };
		DCAFCA251AD6CE000095E89E /* interpile.cpp */ = {isa = PBXFileReference; fileEncoding = 4; lastKnownFileType = sourcecode.cpp.cpp; path = interpile.cpp; sourceTree = "<group>"; };
		DCAFCA421AD805F40095E89E /* libLLVMCore.a */ = {isa = PBXFileReference; lastKnownFileType = archive.ar; name = libLLVMCore.a; path = "../../../Projets/OpenSource/lldb/llvm/Release+Asserts/lib/libLLVMCore.a"; sourceTree = "<group>"; };
		DCAFCA431AD805F40095E89E /* libLLVMSupport.a */ = {isa = PBXFileReference; lastKnownFileType = archive.ar; name = libLLVMSupport.a; path = "../../../Projets/OpenSource/lldb/llvm/Release+Asserts/lib/libLLVMSupport.a"; sourceTree = "<group>"; };
		DCAFCA471AD806800095E89E /* libLLVMIRReader.a */ = {isa = PBXFileReference; lastKnownFileType = archive.ar; name = libLLVMIRReader.a; path = "../../../Projets/OpenSource/lldb/llvm/Release+Asserts/lib/libLLVMIRReader.a"; sourceTree = "<group>"; };
		DCAFCA491AD806970095E89E /* libLLVMAsmParser.a */ = {isa = PBXFileReference; lastKnownFileType = archive.ar; name = libLLVMAsmParser.a; path = "../../../Projets/OpenSource/lldb/llvm/Release+Asserts/lib/libLLVMAsmParser.a"; sourceTree = "<group>"; };
		DCAFCA4B1AD806A20095E89E /* libLLVMBitReader.a */ = {isa = PBXFileReference; lastKnownFileType = archive.ar; name = libLLVMBitReader.a; path = "../../../Projets/OpenSource/lldb/llvm/Release+Asserts/lib/libLLVMBitReader.a"; sourceTree = "<group>"; };
		DCAFCA4D1AD8073C0095E89E /* libncurses.dylib */ = {isa = PBXFileReference; lastKnownFileType = "compiled.mach-o.dylib"; name = libncurses.dylib; path = usr/lib/libncurses.dylib; sourceTree = SDKROOT; };
		DCBC98DD1AD5C5B3001F702C /* interpiler */ = {isa = PBXFileReference; explicitFileType = "compiled.mach-o.executable"; includeInIndex = 0; path = interpiler; sourceTree = BUILT_PRODUCTS_DIR; };
		DCBC98E01AD5C5B3001F702C /* main.cpp */ = {isa = PBXFileReference; lastKnownFileType = sourcecode.cpp.cpp; path = main.cpp; sourceTree = "<group>"; };
/* End PBXFileReference section */

/* Begin PBXFrameworksBuildPhase section */
		DCBC98DA1AD5C5B3001F702C /* Frameworks */ = {
			isa = PBXFrameworksBuildPhase;
			buildActionMask = 2147483647;
			files = (
				DCAFCA4E1AD8073C0095E89E /* libncurses.dylib in Frameworks */,
				DCAFCA441AD805F40095E89E /* libLLVMCore.a in Frameworks */,
				DCAFCA481AD806800095E89E /* libLLVMIRReader.a in Frameworks */,
				DCAFCA4A1AD806970095E89E /* libLLVMAsmParser.a in Frameworks */,
				DCAFCA4C1AD806A20095E89E /* libLLVMBitReader.a in Frameworks */,
				DCAFCA451AD805F40095E89E /* libLLVMSupport.a in Frameworks */,
			);
			runOnlyForDeploymentPostprocessing = 0;
		};
/* End PBXFrameworksBuildPhase section */

/* Begin PBXGroup section */
		DCAFCA461AD805FB0095E89E /* LLVM Libs */ = {
			isa = PBXGroup;
			children = (
				DCAFCA471AD806800095E89E /* libLLVMIRReader.a */,
				DCAFCA421AD805F40095E89E /* libLLVMCore.a */,
				DCAFCA431AD805F40095E89E /* libLLVMSupport.a */,
				DCAFCA4B1AD806A20095E89E /* libLLVMBitReader.a */,
				DCAFCA491AD806970095E89E /* libLLVMAsmParser.a */,
			);
			name = "LLVM Libs";
			sourceTree = "<group>";
		};
		DCBC98D41AD5C5B3001F702C = {
			isa = PBXGroup;
			children = (
				DC906B171ADA2B8B0000C846 /* brainfuck.cpp */,
				DCAFCA4D1AD8073C0095E89E /* libncurses.dylib */,
				DCAFCA461AD805FB0095E89E /* LLVM Libs */,
				DCBC98DF1AD5C5B3001F702C /* interpiler */,
				DCBC98DE1AD5C5B3001F702C /* Products */,
			);
			sourceTree = "<group>";
		};
		DCBC98DE1AD5C5B3001F702C /* Products */ = {
			isa = PBXGroup;
			children = (
				DCBC98DD1AD5C5B3001F702C /* interpiler */,
			);
			name = Products;
			sourceTree = "<group>";
		};
		DCBC98DF1AD5C5B3001F702C /* interpiler */ = {
			isa = PBXGroup;
			children = (
				DC906B131ADA08D10000C846 /* dump_constant.cpp */,
				DC906B141ADA08D10000C846 /* dump_constant.h */,
				DCBC98E01AD5C5B3001F702C /* main.cpp */,
				DCAFCA251AD6CE000095E89E /* interpile.cpp */,
				DC906B091AD99F7C0000C846 /* type_dumper.cpp */,
				DC906B0A1AD99F7C0000C846 /* type_dumper.h */,
				DC906B0F1ADA055A0000C846 /* global_dumper.cpp */,
				DC906B101ADA055A0000C846 /* global_dumper.h */,
				DC906B161ADA19D60000C846 /* output_model.h */,
			);
			path = interpiler;
			sourceTree = "<group>";
		};
/* End PBXGroup section */

/* Begin PBXNativeTarget section */
		DCBC98DC1AD5C5B3001F702C /* interpiler */ = {
			isa = PBXNativeTarget;
			buildConfigurationList = DCBC98E41AD5C5B3001F702C /* Build configuration list for PBXNativeTarget "interpiler" */;
			buildPhases = (
				DCBC98D91AD5C5B3001F702C /* Sources */,
				DCBC98DA1AD5C5B3001F702C /* Frameworks */,
				DCBC98DB1AD5C5B3001F702C /* CopyFiles */,
			);
			buildRules = (
			);
			dependencies = (
			);
			name = interpiler;
			productName = interpiler;
			productReference = DCBC98DD1AD5C5B3001F702C /* interpiler */;
			productType = "com.apple.product-type.tool";
		};
/* End PBXNativeTarget section */

/* Begin PBXProject section */
		DCBC98D51AD5C5B3001F702C /* Project object */ = {
			isa = PBXProject;
			attributes = {
				LastUpgradeCheck = 0630;
				ORGANIZATIONNAME = "Félix Cloutier";
				TargetAttributes = {
					DCBC98DC1AD5C5B3001F702C = {
						CreatedOnToolsVersion = 6.3;
					};
				};
			};
			buildConfigurationList = DCBC98D81AD5C5B3001F702C /* Build configuration list for PBXProject "interpiler" */;
			compatibilityVersion = "Xcode 3.2";
			developmentRegion = English;
			hasScannedForEncodings = 0;
			knownRegions = (
				en,
			);
			mainGroup = DCBC98D41AD5C5B3001F702C;
			productRefGroup = DCBC98DE1AD5C5B3001F702C /* Products */;
			projectDirPath = "";
			projectRoot = "";
			targets = (
				DCBC98DC1AD5C5B3001F702C /* interpiler */,
			);
		};
/* End PBXProject section */

/* Begin PBXSourcesBuildPhase section */
		DCBC98D91AD5C5B3001F702C /* Sources */ = {
			isa = PBXSourcesBuildPhase;
			buildActionMask = 2147483647;
			files = (
				DCAFCA261AD6CE000095E89E /* interpile.cpp in Sources */,
				DC906B0B1AD99F7C0000C846 /* type_dumper.cpp in Sources */,
				DCBC98E11AD5C5B3001F702C /* main.cpp in Sources */,
				DC906B151ADA08D10000C846 /* dump_constant.cpp in Sources */,
				DC906B111ADA055A0000C846 /* global_dumper.cpp in Sources */,
			);
			runOnlyForDeploymentPostprocessing = 0;
		};
/* End PBXSourcesBuildPhase section */

/* Begin XCBuildConfiguration section */
		DCBC98E21AD5C5B3001F702C /* Debug */ = {
			isa = XCBuildConfiguration;
			buildSettings = {
				ALWAYS_SEARCH_USER_PATHS = NO;
				CLANG_CXX_LANGUAGE_STANDARD = "gnu++0x";
				CLANG_CXX_LIBRARY = "libc++";
				CLANG_ENABLE_MODULES = YES;
				CLANG_ENABLE_OBJC_ARC = YES;
				CLANG_WARN_BOOL_CONVERSION = YES;
				CLANG_WARN_CONSTANT_CONVERSION = YES;
				CLANG_WARN_DIRECT_OBJC_ISA_USAGE = YES_ERROR;
				CLANG_WARN_EMPTY_BODY = YES;
				CLANG_WARN_ENUM_CONVERSION = YES;
				CLANG_WARN_INT_CONVERSION = YES;
				CLANG_WARN_OBJC_ROOT_CLASS = YES_ERROR;
				CLANG_WARN_UNREACHABLE_CODE = YES;
				CLANG_WARN__DUPLICATE_METHOD_MATCH = YES;
				COPY_PHASE_STRIP = NO;
				DEBUG_INFORMATION_FORMAT = dwarf;
				ENABLE_STRICT_OBJC_MSGSEND = YES;
				GCC_C_LANGUAGE_STANDARD = gnu99;
				GCC_DYNAMIC_NO_PIC = NO;
				GCC_NO_COMMON_BLOCKS = YES;
				GCC_OPTIMIZATION_LEVEL = 0;
				GCC_PREPROCESSOR_DEFINITIONS = (
					"DEBUG=1",
					"$(inherited)",
				);
				GCC_SYMBOLS_PRIVATE_EXTERN = NO;
				GCC_WARN_64_TO_32_BIT_CONVERSION = YES;
				GCC_WARN_ABOUT_RETURN_TYPE = YES_ERROR;
				GCC_WARN_UNDECLARED_SELECTOR = YES;
				GCC_WARN_UNINITIALIZED_AUTOS = YES_AGGRESSIVE;
				GCC_WARN_UNUSED_FUNCTION = YES;
				GCC_WARN_UNUSED_VARIABLE = YES;
				MACOSX_DEPLOYMENT_TARGET = 10.10;
				MTL_ENABLE_DEBUG_INFO = YES;
				ONLY_ACTIVE_ARCH = YES;
				SDKROOT = macosx;
			};
			name = Debug;
		};
		DCBC98E31AD5C5B3001F702C /* Release */ = {
			isa = XCBuildConfiguration;
			buildSettings = {
				ALWAYS_SEARCH_USER_PATHS = NO;
				CLANG_CXX_LANGUAGE_STANDARD = "gnu++0x";
				CLANG_CXX_LIBRARY = "libc++";
				CLANG_ENABLE_MODULES = YES;
				CLANG_ENABLE_OBJC_ARC = YES;
				CLANG_WARN_BOOL_CONVERSION = YES;
				CLANG_WARN_CONSTANT_CONVERSION = YES;
				CLANG_WARN_DIRECT_OBJC_ISA_USAGE = YES_ERROR;
				CLANG_WARN_EMPTY_BODY = YES;
				CLANG_WARN_ENUM_CONVERSION = YES;
				CLANG_WARN_INT_CONVERSION = YES;
				CLANG_WARN_OBJC_ROOT_CLASS = YES_ERROR;
				CLANG_WARN_UNREACHABLE_CODE = YES;
				CLANG_WARN__DUPLICATE_METHOD_MATCH = YES;
				COPY_PHASE_STRIP = NO;
				DEBUG_INFORMATION_FORMAT = "dwarf-with-dsym";
				ENABLE_NS_ASSERTIONS = NO;
				ENABLE_STRICT_OBJC_MSGSEND = YES;
				GCC_C_LANGUAGE_STANDARD = gnu99;
				GCC_NO_COMMON_BLOCKS = YES;
				GCC_WARN_64_TO_32_BIT_CONVERSION = YES;
				GCC_WARN_ABOUT_RETURN_TYPE = YES_ERROR;
				GCC_WARN_UNDECLARED_SELECTOR = YES;
				GCC_WARN_UNINITIALIZED_AUTOS = YES_AGGRESSIVE;
				GCC_WARN_UNUSED_FUNCTION = YES;
				GCC_WARN_UNUSED_VARIABLE = YES;
				MACOSX_DEPLOYMENT_TARGET = 10.10;
				MTL_ENABLE_DEBUG_INFO = NO;
				SDKROOT = macosx;
			};
			name = Release;
		};
		DCBC98E51AD5C5B3001F702C /* Debug */ = {
			isa = XCBuildConfiguration;
			buildSettings = {
				GCC_ENABLE_CPP_RTTI = NO;
				GCC_PREPROCESSOR_DEFINITIONS = (
					"DEBUG=1",
					"$(inherited)",
					__STDC_LIMIT_MACROS,
					__STDC_CONSTANT_MACROS,
				);
				HEADER_SEARCH_PATHS = (
					"$(inherited)",
					"/Applications/Xcode-beta.app/Contents/Developer/Toolchains/XcodeDefault.xctoolchain/usr/include",
					/Users/felix/Projets/OpenSource/lldb/llvm/include,
				);
				LIBRARY_SEARCH_PATHS = (
					"$(inherited)",
					"/Users/felix/Projets/OpenSource/lldb/llvm/Release+Asserts/lib",
				);
				PRODUCT_NAME = "$(TARGET_NAME)";
			};
			name = Debug;
		};
		DCBC98E61AD5C5B3001F702C /* Release */ = {
			isa = XCBuildConfiguration;
			buildSettings = {
				GCC_ENABLE_CPP_RTTI = NO;
				GCC_PREPROCESSOR_DEFINITIONS = (
					__STDC_CONSTANT_MACROS,
					__STDC_LIMIT_MACROS,
				);
				HEADER_SEARCH_PATHS = (
					"$(inherited)",
					"/Applications/Xcode-beta.app/Contents/Developer/Toolchains/XcodeDefault.xctoolchain/usr/include",
					/Users/felix/Projets/OpenSource/lldb/llvm/include,
				);
				LIBRARY_SEARCH_PATHS = (
					"$(inherited)",
					"/Users/felix/Projets/OpenSource/lldb/llvm/Release+Asserts/lib",
				);
				PRODUCT_NAME = "$(TARGET_NAME)";
			};
			name = Release;
		};
/* End XCBuildConfiguration section */

/* Begin XCConfigurationList section */
		DCBC98D81AD5C5B3001F702C /* Build configuration list for PBXProject "interpiler" */ = {
			isa = XCConfigurationList;
			buildConfigurations = (
				DCBC98E21AD5C5B3001F702C /* Debug */,
				DCBC98E31AD5C5B3001F702C /* Release */,
			);
			defaultConfigurationIsVisible = 0;
			defaultConfigurationName = Release;
		};
		DCBC98E41AD5C5B3001F702C /* Build configuration list for PBXNativeTarget "interpiler" */ = {
			isa = XCConfigurationList;
			buildConfigurations = (
				DCBC98E51AD5C5B3001F702C /* Debug */,
				DCBC98E61AD5C5B3001F702C /* Release */,
			);
			defaultConfigurationIsVisible = 0;
			defaultConfigurationName = Release;
		};
/* End XCConfigurationList section */
	};
	rootObject = DCBC98D51AD5C5B3001F702C /* Project object */;
}
