// !$*UTF8*$!
{
	archiveVersion = 1;
	classes = {
	};
	objectVersion = 46;
	objects = {

/* Begin PBXBuildFile section */
		DC7261DA1ADDAC18007E88CD /* main.cpp in Sources */ = {isa = PBXBuildFile; fileRef = DC7261D91ADDAC18007E88CD /* main.cpp */; };
		DC7261E51ADDAC85007E88CD /* parse.cpp in Sources */ = {isa = PBXBuildFile; fileRef = DC7261E31ADDAC85007E88CD /* parse.cpp */; };
		DC7261E81ADDB674007E88CD /* print.cpp in Sources */ = {isa = PBXBuildFile; fileRef = DC7261E61ADDB674007E88CD /* print.cpp */; };
		DC7261EC1ADEAE11007E88CD /* exec.cpp in Sources */ = {isa = PBXBuildFile; fileRef = DC7261EA1ADEAE11007E88CD /* exec.cpp */; };
		DC7261EE1ADEB3B1007E88CD /* execute_one.cpp in Sources */ = {isa = PBXBuildFile; fileRef = DC7261ED1ADEB3B1007E88CD /* execute_one.cpp */; };
/* End PBXBuildFile section */

/* Begin PBXCopyFilesBuildPhase section */
		DC7261D41ADDAC18007E88CD /* CopyFiles */ = {
			isa = PBXCopyFilesBuildPhase;
			buildActionMask = 2147483647;
			dstPath = /usr/share/man/man1/;
			dstSubfolderSpec = 0;
			files = (
			);
			runOnlyForDeploymentPostprocessing = 1;
		};
/* End PBXCopyFilesBuildPhase section */

/* Begin PBXFileReference section */
		DC7261D61ADDAC18007E88CD /* brainfuck */ = {isa = PBXFileReference; explicitFileType = "compiled.mach-o.executable"; includeInIndex = 0; path = brainfuck; sourceTree = BUILT_PRODUCTS_DIR; };
		DC7261D91ADDAC18007E88CD /* main.cpp */ = {isa = PBXFileReference; lastKnownFileType = sourcecode.cpp.cpp; path = main.cpp; sourceTree = "<group>"; };
		DC7261E31ADDAC85007E88CD /* parse.cpp */ = {isa = PBXFileReference; fileEncoding = 4; lastKnownFileType = sourcecode.cpp.cpp; path = parse.cpp; sourceTree = "<group>"; };
		DC7261E41ADDAC85007E88CD /* parse.h */ = {isa = PBXFileReference; fileEncoding = 4; lastKnownFileType = sourcecode.c.h; path = parse.h; sourceTree = "<group>"; };
		DC7261E61ADDB674007E88CD /* print.cpp */ = {isa = PBXFileReference; fileEncoding = 4; lastKnownFileType = sourcecode.cpp.cpp; path = print.cpp; sourceTree = "<group>"; };
		DC7261E71ADDB674007E88CD /* print.h */ = {isa = PBXFileReference; fileEncoding = 4; lastKnownFileType = sourcecode.c.h; path = print.h; sourceTree = "<group>"; };
		DC7261EA1ADEAE11007E88CD /* exec.cpp */ = {isa = PBXFileReference; fileEncoding = 4; lastKnownFileType = sourcecode.cpp.cpp; path = exec.cpp; sourceTree = "<group>"; };
		DC7261EB1ADEAE11007E88CD /* exec.h */ = {isa = PBXFileReference; fileEncoding = 4; lastKnownFileType = sourcecode.c.h; path = exec.h; sourceTree = "<group>"; };
		DC7261ED1ADEB3B1007E88CD /* execute_one.cpp */ = {isa = PBXFileReference; fileEncoding = 4; lastKnownFileType = sourcecode.cpp.cpp; path = execute_one.cpp; sourceTree = "<group>"; };
		DC7261F01ADEE42C007E88CD /* hello.bf */ = {isa = PBXFileReference; lastKnownFileType = text; path = hello.bf; sourceTree = "<group>"; };
		DC7261F11ADEE684007E88CD /* 99bottles.bf */ = {isa = PBXFileReference; lastKnownFileType = text; path = 99bottles.bf; sourceTree = "<group>"; };
		DC7261F21ADEE827007E88CD /* mandelbrot.bf */ = {isa = PBXFileReference; lastKnownFileType = text; path = mandelbrot.bf; sourceTree = "<group>"; };
/* End PBXFileReference section */

/* Begin PBXFrameworksBuildPhase section */
		DC7261D31ADDAC18007E88CD /* Frameworks */ = {
			isa = PBXFrameworksBuildPhase;
			buildActionMask = 2147483647;
			files = (
			);
			runOnlyForDeploymentPostprocessing = 0;
		};
/* End PBXFrameworksBuildPhase section */

/* Begin PBXGroup section */
		DC7261CD1ADDAC18007E88CD = {
			isa = PBXGroup;
			children = (
				DC7261F21ADEE827007E88CD /* mandelbrot.bf */,
				DC7261F11ADEE684007E88CD /* 99bottles.bf */,
				DC7261F01ADEE42C007E88CD /* hello.bf */,
				DC7261D81ADDAC18007E88CD /* brainfuck */,
				DC7261D71ADDAC18007E88CD /* Products */,
			);
			sourceTree = "<group>";
		};
		DC7261D71ADDAC18007E88CD /* Products */ = {
			isa = PBXGroup;
			children = (
				DC7261D61ADDAC18007E88CD /* brainfuck */,
			);
			name = Products;
			sourceTree = "<group>";
		};
		DC7261D81ADDAC18007E88CD /* brainfuck */ = {
			isa = PBXGroup;
			children = (
				DC7261ED1ADEB3B1007E88CD /* execute_one.cpp */,
				DC7261EA1ADEAE11007E88CD /* exec.cpp */,
				DC7261EB1ADEAE11007E88CD /* exec.h */,
				DC7261D91ADDAC18007E88CD /* main.cpp */,
				DC7261E31ADDAC85007E88CD /* parse.cpp */,
				DC7261E41ADDAC85007E88CD /* parse.h */,
				DC7261E61ADDB674007E88CD /* print.cpp */,
				DC7261E71ADDB674007E88CD /* print.h */,
			);
			path = brainfuck;
			sourceTree = "<group>";
		};
/* End PBXGroup section */

/* Begin PBXNativeTarget section */
		DC7261D51ADDAC18007E88CD /* brainfuck */ = {
			isa = PBXNativeTarget;
			buildConfigurationList = DC7261DD1ADDAC18007E88CD /* Build configuration list for PBXNativeTarget "brainfuck" */;
			buildPhases = (
				DC7261D21ADDAC18007E88CD /* Sources */,
				DC7261D31ADDAC18007E88CD /* Frameworks */,
				DC7261D41ADDAC18007E88CD /* CopyFiles */,
			);
			buildRules = (
			);
			dependencies = (
			);
			name = brainfuck;
			productName = brainfuck;
			productReference = DC7261D61ADDAC18007E88CD /* brainfuck */;
			productType = "com.apple.product-type.tool";
		};
/* End PBXNativeTarget section */

/* Begin PBXProject section */
		DC7261CE1ADDAC18007E88CD /* Project object */ = {
			isa = PBXProject;
			attributes = {
				LastUpgradeCheck = 0630;
				ORGANIZATIONNAME = "Félix Cloutier";
				TargetAttributes = {
					DC7261D51ADDAC18007E88CD = {
						CreatedOnToolsVersion = 6.3;
					};
				};
			};
			buildConfigurationList = DC7261D11ADDAC18007E88CD /* Build configuration list for PBXProject "brainfuck" */;
			compatibilityVersion = "Xcode 3.2";
			developmentRegion = English;
			hasScannedForEncodings = 0;
			knownRegions = (
				en,
			);
			mainGroup = DC7261CD1ADDAC18007E88CD;
			productRefGroup = DC7261D71ADDAC18007E88CD /* Products */;
			projectDirPath = "";
			projectRoot = "";
			targets = (
				DC7261D51ADDAC18007E88CD /* brainfuck */,
			);
		};
/* End PBXProject section */

/* Begin PBXSourcesBuildPhase section */
		DC7261D21ADDAC18007E88CD /* Sources */ = {
			isa = PBXSourcesBuildPhase;
			buildActionMask = 2147483647;
			files = (
				DC7261DA1ADDAC18007E88CD /* main.cpp in Sources */,
				DC7261E51ADDAC85007E88CD /* parse.cpp in Sources */,
				DC7261EE1ADEB3B1007E88CD /* execute_one.cpp in Sources */,
				DC7261EC1ADEAE11007E88CD /* exec.cpp in Sources */,
				DC7261E81ADDB674007E88CD /* print.cpp in Sources */,
			);
			runOnlyForDeploymentPostprocessing = 0;
		};
/* End PBXSourcesBuildPhase section */

/* Begin XCBuildConfiguration section */
		DC7261DB1ADDAC18007E88CD /* Debug */ = {
			isa = XCBuildConfiguration;
			buildSettings = {
				ALWAYS_SEARCH_USER_PATHS = NO;
				CLANG_CXX_LANGUAGE_STANDARD = "gnu++0x";
				CLANG_CXX_LIBRARY = "libc++";
				CLANG_ENABLE_MODULES = YES;
				CLANG_ENABLE_OBJC_ARC = YES;
				CLANG_WARN_BOOL_CONVERSION = YES;
				CLANG_WARN_CONSTANT_CONVERSION = YES;
				CLANG_WARN_DIRECT_OBJC_ISA_USAGE = YES_ERROR;
				CLANG_WARN_EMPTY_BODY = YES;
				CLANG_WARN_ENUM_CONVERSION = YES;
				CLANG_WARN_INT_CONVERSION = YES;
				CLANG_WARN_OBJC_ROOT_CLASS = YES_ERROR;
				CLANG_WARN_UNREACHABLE_CODE = YES;
				CLANG_WARN__DUPLICATE_METHOD_MATCH = YES;
				COPY_PHASE_STRIP = NO;
				DEBUG_INFORMATION_FORMAT = dwarf;
				ENABLE_STRICT_OBJC_MSGSEND = YES;
				GCC_C_LANGUAGE_STANDARD = gnu99;
				GCC_DYNAMIC_NO_PIC = NO;
				GCC_NO_COMMON_BLOCKS = YES;
				GCC_OPTIMIZATION_LEVEL = 0;
				GCC_PREPROCESSOR_DEFINITIONS = (
					"DEBUG=1",
					"$(inherited)",
				);
				GCC_SYMBOLS_PRIVATE_EXTERN = NO;
				GCC_WARN_64_TO_32_BIT_CONVERSION = YES;
				GCC_WARN_ABOUT_RETURN_TYPE = YES_ERROR;
				GCC_WARN_UNDECLARED_SELECTOR = YES;
				GCC_WARN_UNINITIALIZED_AUTOS = YES_AGGRESSIVE;
				GCC_WARN_UNUSED_FUNCTION = YES;
				GCC_WARN_UNUSED_VARIABLE = YES;
				MACOSX_DEPLOYMENT_TARGET = 10.10;
				MTL_ENABLE_DEBUG_INFO = YES;
				ONLY_ACTIVE_ARCH = YES;
				SDKROOT = macosx;
			};
			name = Debug;
		};
		DC7261DC1ADDAC18007E88CD /* Release */ = {
			isa = XCBuildConfiguration;
			buildSettings = {
				ALWAYS_SEARCH_USER_PATHS = NO;
				CLANG_CXX_LANGUAGE_STANDARD = "gnu++0x";
				CLANG_CXX_LIBRARY = "libc++";
				CLANG_ENABLE_MODULES = YES;
				CLANG_ENABLE_OBJC_ARC = YES;
				CLANG_WARN_BOOL_CONVERSION = YES;
				CLANG_WARN_CONSTANT_CONVERSION = YES;
				CLANG_WARN_DIRECT_OBJC_ISA_USAGE = YES_ERROR;
				CLANG_WARN_EMPTY_BODY = YES;
				CLANG_WARN_ENUM_CONVERSION = YES;
				CLANG_WARN_INT_CONVERSION = YES;
				CLANG_WARN_OBJC_ROOT_CLASS = YES_ERROR;
				CLANG_WARN_UNREACHABLE_CODE = YES;
				CLANG_WARN__DUPLICATE_METHOD_MATCH = YES;
				COPY_PHASE_STRIP = NO;
				DEBUG_INFORMATION_FORMAT = "dwarf-with-dsym";
				ENABLE_NS_ASSERTIONS = NO;
				ENABLE_STRICT_OBJC_MSGSEND = YES;
				GCC_C_LANGUAGE_STANDARD = gnu99;
				GCC_NO_COMMON_BLOCKS = YES;
				GCC_WARN_64_TO_32_BIT_CONVERSION = YES;
				GCC_WARN_ABOUT_RETURN_TYPE = YES_ERROR;
				GCC_WARN_UNDECLARED_SELECTOR = YES;
				GCC_WARN_UNINITIALIZED_AUTOS = YES_AGGRESSIVE;
				GCC_WARN_UNUSED_FUNCTION = YES;
				GCC_WARN_UNUSED_VARIABLE = YES;
				MACOSX_DEPLOYMENT_TARGET = 10.10;
				MTL_ENABLE_DEBUG_INFO = NO;
				SDKROOT = macosx;
			};
			name = Release;
		};
		DC7261DE1ADDAC18007E88CD /* Debug */ = {
			isa = XCBuildConfiguration;
			buildSettings = {
				CLANG_CXX_LANGUAGE_STANDARD = "gnu++14";
				OTHER_CPLUSPLUSFLAGS = (
					"$(OTHER_CFLAGS)",
					"-v",
				);
				PRODUCT_NAME = "$(TARGET_NAME)";
			};
			name = Debug;
		};
		DC7261DF1ADDAC18007E88CD /* Release */ = {
			isa = XCBuildConfiguration;
			buildSettings = {
				CLANG_CXX_LANGUAGE_STANDARD = "gnu++14";
				OTHER_CPLUSPLUSFLAGS = (
					"$(OTHER_CFLAGS)",
					"-v",
				);
				PRODUCT_NAME = "$(TARGET_NAME)";
			};
			name = Release;
		};
/* End XCBuildConfiguration section */

/* Begin XCConfigurationList section */
		DC7261D11ADDAC18007E88CD /* Build configuration list for PBXProject "brainfuck" */ = {
			isa = XCConfigurationList;
			buildConfigurations = (
				DC7261DB1ADDAC18007E88CD /* Debug */,
				DC7261DC1ADDAC18007E88CD /* Release */,
			);
			defaultConfigurationIsVisible = 0;
			defaultConfigurationName = Release;
		};
		DC7261DD1ADDAC18007E88CD /* Build configuration list for PBXNativeTarget "brainfuck" */ = {
			isa = XCConfigurationList;
			buildConfigurations = (
				DC7261DE1ADDAC18007E88CD /* Debug */,
				DC7261DF1ADDAC18007E88CD /* Release */,
			);
			defaultConfigurationIsVisible = 0;
			defaultConfigurationName = Release;
		};
/* End XCConfigurationList section */
	};
	rootObject = DC7261CE1ADDAC18007E88CD /* Project object */;
}
